
Microsoft Visual Studio Solution File, Format Version 12.00
# Visual Studio 14
VisualStudioVersion = 14.0.25420.1
MinimumVisualStudioVersion = 10.0.40219.1
Project("{FAE04EC0-301F-11D3-BF4B-00C04F79EFBC}") = "InterfaceTestor", "InterfaceTestor\InterfaceTestor.csproj", "{5C8C00B6-57EF-4514-B430-5A58790F382D}"
EndProject
Project("{8BC9CEB8-8B4A-11D0-8D11-00A0C91BC942}") = "CubiControl", "CubiControl\CubiControl.vcxproj", "{65778934-784C-4139-8FFB-5B50C3A2DD17}"
EndProject
Global
	GlobalSection(SolutionConfigurationPlatforms) = preSolution
		Debug|Any CPU = Debug|Any CPU
		Debug|x64 = Debug|x64
		Debug|x86 = Debug|x86
		Release|Any CPU = Release|Any CPU
		Release|x64 = Release|x64
		Release|x86 = Release|x86
	EndGlobalSection
	GlobalSection(ProjectConfigurationPlatforms) = postSolution
		{5C8C00B6-57EF-4514-B430-5A58790F382D}.Debug|Any CPU.ActiveCfg = Debug|Any CPU
		{5C8C00B6-57EF-4514-B430-5A58790F382D}.Debug|Any CPU.Build.0 = Debug|Any CPU
		{5C8C00B6-57EF-4514-B430-5A58790F382D}.Debug|x64.ActiveCfg = Debug|Any CPU
		{5C8C00B6-57EF-4514-B430-5A58790F382D}.Debug|x64.Build.0 = Debug|Any CPU
		{5C8C00B6-57EF-4514-B430-5A58790F382D}.Debug|x86.ActiveCfg = Debug|Any CPU
		{5C8C00B6-57EF-4514-B430-5A58790F382D}.Debug|x86.Build.0 = Debug|Any CPU
		{5C8C00B6-57EF-4514-B430-5A58790F382D}.Release|Any CPU.ActiveCfg = Release|Any CPU
		{5C8C00B6-57EF-4514-B430-5A58790F382D}.Release|Any CPU.Build.0 = Release|Any CPU
		{5C8C00B6-57EF-4514-B430-5A58790F382D}.Release|x64.ActiveCfg = Release|Any CPU
		{5C8C00B6-57EF-4514-B430-5A58790F382D}.Release|x64.Build.0 = Release|Any CPU
		{5C8C00B6-57EF-4514-B430-5A58790F382D}.Release|x86.ActiveCfg = Release|Any CPU
		{5C8C00B6-57EF-4514-B430-5A58790F382D}.Release|x86.Build.0 = Release|Any CPU
		{65778934-784C-4139-8FFB-5B50C3A2DD17}.Debug|Any CPU.ActiveCfg = Debug|Win32
		{65778934-784C-4139-8FFB-5B50C3A2DD17}.Debug|x64.ActiveCfg = Debug|x64
		{65778934-784C-4139-8FFB-5B50C3A2DD17}.Debug|x64.Build.0 = Debug|x64
		{65778934-784C-4139-8FFB-5B50C3A2DD17}.Debug|x86.ActiveCfg = Debug|Win32
		{65778934-784C-4139-8FFB-5B50C3A2DD17}.Debug|x86.Build.0 = Debug|Win32
		{65778934-784C-4139-8FFB-5B50C3A2DD17}.Release|Any CPU.ActiveCfg = Release|Win32
		{65778934-784C-4139-8FFB-5B50C3A2DD17}.Release|x64.ActiveCfg = Release|x64
		{65778934-784C-4139-8FFB-5B50C3A2DD17}.Release|x64.Build.0 = Release|x64
		{65778934-784C-4139-8FFB-5B50C3A2DD17}.Release|x86.ActiveCfg = Release|Win32
		{65778934-784C-4139-8FFB-5B50C3A2DD17}.Release|x86.Build.0 = Release|Win32
	EndGlobalSection
	GlobalSection(SolutionProperties) = preSolution
		HideSolutionNode = FALSE
	EndGlobalSection
EndGlobal
