
Microsoft Visual Studio Solution File, Format Version 12.00
# Visual Studio 14
VisualStudioVersion = 14.0.25420.1
MinimumVisualStudioVersion = 10.0.40219.1
Project("{FAE04EC0-301F-11D3-BF4B-00C04F79EFBC}") = "FPMS.E2105_FS111_121", "FPMS.E2105_FS111_121.csproj", "{EF9E7648-839A-4EEE-AA9C-9BDB36BD8954}"
EndProject
Project("{2150E333-8FDC-42A3-9474-1A3956D46DE8}") = "Lib", "Lib", "{1A5C708F-BA52-4561-9FCF-CF2F2C57D6B9}"
EndProject
Project("{FAE04EC0-301F-11D3-BF4B-00C04F79EFBC}") = "EmWorks.Lib.Common", "..\Emworks\Source\EmWorks.Lib.Common\EmWorks.Lib.Common.csproj", "{AB8EC9A7-4FB6-40A9-83D8-537BCDE3BEF7}"
EndProject
Project("{FAE04EC0-301F-11D3-BF4B-00C04F79EFBC}") = "EmWorks.Lib.Core", "..\Emworks\Source\EmWorks.Lib.Core\EmWorks.Lib.Core.csproj", "{1954F4DA-1443-45E9-841D-1D8C399F2D9D}"
EndProject
Project("{FAE04EC0-301F-11D3-BF4B-00C04F79EFBC}") = "EmWorks.Lib.Identity", "..\Emworks\Source\EmWorks.Lib.Identity\EmWorks.Lib.Identity.csproj", "{16256D46-2650-4A6F-83BA-076B336F5D76}"
EndProject
Project("{2150E333-8FDC-42A3-9474-1A3956D46DE8}") = "App", "App", "{523AF1AE-2910-45A6-82FD-784DB2D2FFB2}"
EndProject
Project("{FAE04EC0-301F-11D3-BF4B-00C04F79EFBC}") = "EmWorks.App.SoGen", "..\Emworks\Source\EmWorks.App.SoGen\EmWorks.App.SoGen.csproj", "{399C9914-EB66-42DB-9B4B-238D19E1D4AD}"
EndProject
Project("{2150E333-8FDC-42A3-9474-1A3956D46DE8}") = "DevDrv", "DevDrv", "{C97DFC9A-47EF-4356-B193-CC7F23163786}"
EndProject
Project("{FAE04EC0-301F-11D3-BF4B-00C04F79EFBC}") = "EmWorks.DevDrv.AjinMotionIo", "..\Emworks\Source\EmWorks.DevDrv.AjinMotionIo\EmWorks.DevDrv.AjinMotionIo.csproj", "{5E7869ED-88F6-4BBA-91F8-EF64850ECAE1}"
EndProject
Project("{FAE04EC0-301F-11D3-BF4B-00C04F79EFBC}") = "EmWorks.DevDrv.SamwonTemp1500", "..\Emworks\Source\EmWorks.DevDrv.SamwonTemp1500\EmWorks.DevDrv.SamwonTemp1500.csproj", "{B9459836-8872-4DB4-BDBE-E21FBC210084}"
EndProject
Project("{FAE04EC0-301F-11D3-BF4B-00C04F79EFBC}") = "EmWorks.DevDrv.KeyenceIL100", "..\Emworks\Source\EmWorks.DevDrv.KeyenceIL\EmWorks.DevDrv.KeyenceIL100.csproj", "{AACD73B0-AA88-4C11-BA84-D45F74151E8B}"
EndProject
Project("{FAE04EC0-301F-11D3-BF4B-00C04F79EFBC}") = "EmWorks.DevDrv.AutonicsTK4S", "..\Emworks\Source\EmWorks.DevDrv.AutonicsTK4S\EmWorks.DevDrv.AutonicsTK4S.csproj", "{1F2DED07-D2EB-4569-AD37-166A4768770A}"
EndProject
Project("{FAE04EC0-301F-11D3-BF4B-00C04F79EFBC}") = "EmWorks.DevDrv.SamwonSDR100", "..\Emworks\Source\EmWorks.DevDrv.SamwonSDR100\EmWorks.DevDrv.SamwonSDR100.csproj", "{9234254D-DAAE-4143-B864-0972A4B203CD}"
EndProject
Global
	GlobalSection(SolutionConfigurationPlatforms) = preSolution
		Debug|Any CPU = Debug|Any CPU
		Debug|x64 = Debug|x64
		Release|Any CPU = Release|Any CPU
		Release|x64 = Release|x64
	EndGlobalSection
	GlobalSection(ProjectConfigurationPlatforms) = postSolution
		{EF9E7648-839A-4EEE-AA9C-9BDB36BD8954}.Debug|Any CPU.ActiveCfg = Debug|Any CPU
		{EF9E7648-839A-4EEE-AA9C-9BDB36BD8954}.Debug|Any CPU.Build.0 = Debug|Any CPU
		{EF9E7648-839A-4EEE-AA9C-9BDB36BD8954}.Debug|x64.ActiveCfg = Debug|Any CPU
		{EF9E7648-839A-4EEE-AA9C-9BDB36BD8954}.Debug|x64.Build.0 = Debug|Any CPU
		{EF9E7648-839A-4EEE-AA9C-9BDB36BD8954}.Release|Any CPU.ActiveCfg = Release|Any CPU
		{EF9E7648-839A-4EEE-AA9C-9BDB36BD8954}.Release|Any CPU.Build.0 = Release|Any CPU
		{EF9E7648-839A-4EEE-AA9C-9BDB36BD8954}.Release|x64.ActiveCfg = Release|Any CPU
		{EF9E7648-839A-4EEE-AA9C-9BDB36BD8954}.Release|x64.Build.0 = Release|Any CPU
		{AB8EC9A7-4FB6-40A9-83D8-537BCDE3BEF7}.Debug|Any CPU.ActiveCfg = Debug|Any CPU
		{AB8EC9A7-4FB6-40A9-83D8-537BCDE3BEF7}.Debug|Any CPU.Build.0 = Debug|Any CPU
		{AB8EC9A7-4FB6-40A9-83D8-537BCDE3BEF7}.Debug|x64.ActiveCfg = Debug|x64
		{AB8EC9A7-4FB6-40A9-83D8-537BCDE3BEF7}.Debug|x64.Build.0 = Debug|x64
		{AB8EC9A7-4FB6-40A9-83D8-537BCDE3BEF7}.Release|Any CPU.ActiveCfg = Release|Any CPU
		{AB8EC9A7-4FB6-40A9-83D8-537BCDE3BEF7}.Release|Any CPU.Build.0 = Release|Any CPU
		{AB8EC9A7-4FB6-40A9-83D8-537BCDE3BEF7}.Release|x64.ActiveCfg = Release|x64
		{AB8EC9A7-4FB6-40A9-83D8-537BCDE3BEF7}.Release|x64.Build.0 = Release|x64
		{1954F4DA-1443-45E9-841D-1D8C399F2D9D}.Debug|Any CPU.ActiveCfg = Debug|Any CPU
		{1954F4DA-1443-45E9-841D-1D8C399F2D9D}.Debug|Any CPU.Build.0 = Debug|Any CPU
		{1954F4DA-1443-45E9-841D-1D8C399F2D9D}.Debug|x64.ActiveCfg = Debug|x64
		{1954F4DA-1443-45E9-841D-1D8C399F2D9D}.Debug|x64.Build.0 = Debug|x64
		{1954F4DA-1443-45E9-841D-1D8C399F2D9D}.Release|Any CPU.ActiveCfg = Release|Any CPU
		{1954F4DA-1443-45E9-841D-1D8C399F2D9D}.Release|Any CPU.Build.0 = Release|Any CPU
		{1954F4DA-1443-45E9-841D-1D8C399F2D9D}.Release|x64.ActiveCfg = Release|x64
		{1954F4DA-1443-45E9-841D-1D8C399F2D9D}.Release|x64.Build.0 = Release|x64
		{16256D46-2650-4A6F-83BA-076B336F5D76}.Debug|Any CPU.ActiveCfg = Debug|Any CPU
		{16256D46-2650-4A6F-83BA-076B336F5D76}.Debug|Any CPU.Build.0 = Debug|Any CPU
		{16256D46-2650-4A6F-83BA-076B336F5D76}.Debug|x64.ActiveCfg = Debug|x64
		{16256D46-2650-4A6F-83BA-076B336F5D76}.Debug|x64.Build.0 = Debug|x64
		{16256D46-2650-4A6F-83BA-076B336F5D76}.Release|Any CPU.ActiveCfg = Release|Any CPU
		{16256D46-2650-4A6F-83BA-076B336F5D76}.Release|Any CPU.Build.0 = Release|Any CPU
		{16256D46-2650-4A6F-83BA-076B336F5D76}.Release|x64.ActiveCfg = Release|x64
		{16256D46-2650-4A6F-83BA-076B336F5D76}.Release|x64.Build.0 = Release|x64
		{399C9914-EB66-42DB-9B4B-238D19E1D4AD}.Debug|Any CPU.ActiveCfg = Debug|Any CPU
		{399C9914-EB66-42DB-9B4B-238D19E1D4AD}.Debug|Any CPU.Build.0 = Debug|Any CPU
		{399C9914-EB66-42DB-9B4B-238D19E1D4AD}.Debug|x64.ActiveCfg = Debug|x64
		{399C9914-EB66-42DB-9B4B-238D19E1D4AD}.Debug|x64.Build.0 = Debug|x64
		{399C9914-EB66-42DB-9B4B-238D19E1D4AD}.Release|Any CPU.ActiveCfg = Release|Any CPU
		{399C9914-EB66-42DB-9B4B-238D19E1D4AD}.Release|Any CPU.Build.0 = Release|Any CPU
		{399C9914-EB66-42DB-9B4B-238D19E1D4AD}.Release|x64.ActiveCfg = Release|x64
		{399C9914-EB66-42DB-9B4B-238D19E1D4AD}.Release|x64.Build.0 = Release|x64
		{5E7869ED-88F6-4BBA-91F8-EF64850ECAE1}.Debug|Any CPU.ActiveCfg = Debug|Any CPU
		{5E7869ED-88F6-4BBA-91F8-EF64850ECAE1}.Debug|Any CPU.Build.0 = Debug|Any CPU
		{5E7869ED-88F6-4BBA-91F8-EF64850ECAE1}.Debug|x64.ActiveCfg = Debug|x64
		{5E7869ED-88F6-4BBA-91F8-EF64850ECAE1}.Debug|x64.Build.0 = Debug|x64
		{5E7869ED-88F6-4BBA-91F8-EF64850ECAE1}.Release|Any CPU.ActiveCfg = Release|Any CPU
		{5E7869ED-88F6-4BBA-91F8-EF64850ECAE1}.Release|Any CPU.Build.0 = Release|Any CPU
		{5E7869ED-88F6-4BBA-91F8-EF64850ECAE1}.Release|x64.ActiveCfg = Release|x64
		{5E7869ED-88F6-4BBA-91F8-EF64850ECAE1}.Release|x64.Build.0 = Release|x64
		{B9459836-8872-4DB4-BDBE-E21FBC210084}.Debug|Any CPU.ActiveCfg = Debug|Any CPU
		{B9459836-8872-4DB4-BDBE-E21FBC210084}.Debug|Any CPU.Build.0 = Debug|Any CPU
		{B9459836-8872-4DB4-BDBE-E21FBC210084}.Debug|x64.ActiveCfg = Debug|Any CPU
		{B9459836-8872-4DB4-BDBE-E21FBC210084}.Debug|x64.Build.0 = Debug|Any CPU
		{B9459836-8872-4DB4-BDBE-E21FBC210084}.Release|Any CPU.ActiveCfg = Release|Any CPU
		{B9459836-8872-4DB4-BDBE-E21FBC210084}.Release|Any CPU.Build.0 = Release|Any CPU
		{B9459836-8872-4DB4-BDBE-E21FBC210084}.Release|x64.ActiveCfg = Release|Any CPU
		{B9459836-8872-4DB4-BDBE-E21FBC210084}.Release|x64.Build.0 = Release|Any CPU
		{AACD73B0-AA88-4C11-BA84-D45F74151E8B}.Debug|Any CPU.ActiveCfg = Debug|Any CPU
		{AACD73B0-AA88-4C11-BA84-D45F74151E8B}.Debug|Any CPU.Build.0 = Debug|Any CPU
		{AACD73B0-AA88-4C11-BA84-D45F74151E8B}.Debug|x64.ActiveCfg = Debug|Any CPU
		{AACD73B0-AA88-4C11-BA84-D45F74151E8B}.Debug|x64.Build.0 = Debug|Any CPU
		{AACD73B0-AA88-4C11-BA84-D45F74151E8B}.Release|Any CPU.ActiveCfg = Release|Any CPU
		{AACD73B0-AA88-4C11-BA84-D45F74151E8B}.Release|Any CPU.Build.0 = Release|Any CPU
		{AACD73B0-AA88-4C11-BA84-D45F74151E8B}.Release|x64.ActiveCfg = Release|Any CPU
		{AACD73B0-AA88-4C11-BA84-D45F74151E8B}.Release|x64.Build.0 = Release|Any CPU
		{1F2DED07-D2EB-4569-AD37-166A4768770A}.Debug|Any CPU.ActiveCfg = Debug|Any CPU
		{1F2DED07-D2EB-4569-AD37-166A4768770A}.Debug|Any CPU.Build.0 = Debug|Any CPU
		{1F2DED07-D2EB-4569-AD37-166A4768770A}.Debug|x64.ActiveCfg = Debug|Any CPU
		{1F2DED07-D2EB-4569-AD37-166A4768770A}.Debug|x64.Build.0 = Debug|Any CPU
		{1F2DED07-D2EB-4569-AD37-166A4768770A}.Release|Any CPU.ActiveCfg = Release|Any CPU
		{1F2DED07-D2EB-4569-AD37-166A4768770A}.Release|Any CPU.Build.0 = Release|Any CPU
		{1F2DED07-D2EB-4569-AD37-166A4768770A}.Release|x64.ActiveCfg = Release|Any CPU
		{1F2DED07-D2EB-4569-AD37-166A4768770A}.Release|x64.Build.0 = Release|Any CPU
		{9234254D-DAAE-4143-B864-0972A4B203CD}.Debug|Any CPU.ActiveCfg = Debug|Any CPU
		{9234254D-DAAE-4143-B864-0972A4B203CD}.Debug|Any CPU.Build.0 = Debug|Any CPU
		{9234254D-DAAE-4143-B864-0972A4B203CD}.Debug|x64.ActiveCfg = Debug|Any CPU
		{9234254D-DAAE-4143-B864-0972A4B203CD}.Debug|x64.Build.0 = Debug|Any CPU
		{9234254D-DAAE-4143-B864-0972A4B203CD}.Release|Any CPU.ActiveCfg = Release|Any CPU
		{9234254D-DAAE-4143-B864-0972A4B203CD}.Release|Any CPU.Build.0 = Release|Any CPU
		{9234254D-DAAE-4143-B864-0972A4B203CD}.Release|x64.ActiveCfg = Release|Any CPU
		{9234254D-DAAE-4143-B864-0972A4B203CD}.Release|x64.Build.0 = Release|Any CPU
	EndGlobalSection
	GlobalSection(SolutionProperties) = preSolution
		HideSolutionNode = FALSE
	EndGlobalSection
	GlobalSection(NestedProjects) = preSolution
		{AB8EC9A7-4FB6-40A9-83D8-537BCDE3BEF7} = {1A5C708F-BA52-4561-9FCF-CF2F2C57D6B9}
		{1954F4DA-1443-45E9-841D-1D8C399F2D9D} = {1A5C708F-BA52-4561-9FCF-CF2F2C57D6B9}
		{16256D46-2650-4A6F-83BA-076B336F5D76} = {1A5C708F-BA52-4561-9FCF-CF2F2C57D6B9}
		{399C9914-EB66-42DB-9B4B-238D19E1D4AD} = {523AF1AE-2910-45A6-82FD-784DB2D2FFB2}
		{5E7869ED-88F6-4BBA-91F8-EF64850ECAE1} = {C97DFC9A-47EF-4356-B193-CC7F23163786}
		{B9459836-8872-4DB4-BDBE-E21FBC210084} = {C97DFC9A-47EF-4356-B193-CC7F23163786}
		{AACD73B0-AA88-4C11-BA84-D45F74151E8B} = {C97DFC9A-47EF-4356-B193-CC7F23163786}
		{1F2DED07-D2EB-4569-AD37-166A4768770A} = {C97DFC9A-47EF-4356-B193-CC7F23163786}
		{9234254D-DAAE-4143-B864-0972A4B203CD} = {C97DFC9A-47EF-4356-B193-CC7F23163786}
	EndGlobalSection
EndGlobal
