
Microsoft Visual Studio Solution File, Format Version 12.00
# Visual Studio 14
VisualStudioVersion = 14.0.25420.1
MinimumVisualStudioVersion = 10.0.40219.1
Project("{FAE04EC0-301F-11D3-BF4B-00C04F79EFBC}") = "EmWorks.App.SoGen", "EmWorks.App.SoGen.csproj", "{399C9914-EB66-42DB-9B4B-238D19E1D4AD}"
EndProject
Project("{2150E333-8FDC-42A3-9474-1A3956D46DE8}") = "LIb", "LIb", "{B0E250E1-7FCB-49D9-B5A6-C00DDE4D23C6}"
EndProject
Project("{2150E333-8FDC-42A3-9474-1A3956D46DE8}") = "App", "App", "{6D15BBD2-3956-4BEE-A457-E0E6E663853C}"
EndProject
Project("{2150E333-8FDC-42A3-9474-1A3956D46DE8}") = "DevDrv", "DevDrv", "{7B140308-0A8A-4FD4-8AAC-AB1467B933B6}"
EndProject
Project("{FAE04EC0-301F-11D3-BF4B-00C04F79EFBC}") = "EmWorks.App.Sample", "..\EmWorks.App.Sample\EmWorks.App.Sample.csproj", "{EA62F8DA-1DEA-4757-B954-F3B99C91160B}"
EndProject
Project("{FAE04EC0-301F-11D3-BF4B-00C04F79EFBC}") = "EmWorks.DevDrv.AjinMotionIo", "..\EmWorks.DevDrv.AjinMotionIo\EmWorks.DevDrv.AjinMotionIo.csproj", "{5E7869ED-88F6-4BBA-91F8-EF64850ECAE1}"
EndProject
Project("{FAE04EC0-301F-11D3-BF4B-00C04F79EFBC}") = "EmWorks.DevDrv.TopconSR5000", "..\EmWorks.DevDrv.TopconSR5000\EmWorks.DevDrv.TopconSR5000.csproj", "{22A6DB51-17ED-4BF6-84C6-B5BDA3ABCC8A}"
EndProject
Project("{FAE04EC0-301F-11D3-BF4B-00C04F79EFBC}") = "EmWorks.Lib.Common", "..\EmWorks.Lib.Common\EmWorks.Lib.Common.csproj", "{AB8EC9A7-4FB6-40A9-83D8-537BCDE3BEF7}"
EndProject
Project("{FAE04EC0-301F-11D3-BF4B-00C04F79EFBC}") = "EmWorks.Lib.Core", "..\EmWorks.Lib.Core\EmWorks.Lib.Core.csproj", "{1954F4DA-1443-45E9-841D-1D8C399F2D9D}"
EndProject
Project("{FAE04EC0-301F-11D3-BF4B-00C04F79EFBC}") = "EmWorks.Lib.Identity", "..\EmWorks.Lib.Identity\EmWorks.Lib.Identity.csproj", "{16256D46-2650-4A6F-83BA-076B336F5D76}"
EndProject
Global
	GlobalSection(SolutionConfigurationPlatforms) = preSolution
		Debug|Any CPU = Debug|Any CPU
		Debug|x64 = Debug|x64
		Release|Any CPU = Release|Any CPU
		Release|x64 = Release|x64
	EndGlobalSection
	GlobalSection(ProjectConfigurationPlatforms) = postSolution
		{399C9914-EB66-42DB-9B4B-238D19E1D4AD}.Debug|Any CPU.ActiveCfg = Debug|Any CPU
		{399C9914-EB66-42DB-9B4B-238D19E1D4AD}.Debug|Any CPU.Build.0 = Debug|Any CPU
		{399C9914-EB66-42DB-9B4B-238D19E1D4AD}.Debug|x64.ActiveCfg = Debug|x64
		{399C9914-EB66-42DB-9B4B-238D19E1D4AD}.Debug|x64.Build.0 = Debug|x64
		{399C9914-EB66-42DB-9B4B-238D19E1D4AD}.Release|Any CPU.ActiveCfg = Release|Any CPU
		{399C9914-EB66-42DB-9B4B-238D19E1D4AD}.Release|Any CPU.Build.0 = Release|Any CPU
		{399C9914-EB66-42DB-9B4B-238D19E1D4AD}.Release|x64.ActiveCfg = Release|x64
		{399C9914-EB66-42DB-9B4B-238D19E1D4AD}.Release|x64.Build.0 = Release|x64
		{EA62F8DA-1DEA-4757-B954-F3B99C91160B}.Debug|Any CPU.ActiveCfg = Debug|Any CPU
		{EA62F8DA-1DEA-4757-B954-F3B99C91160B}.Debug|Any CPU.Build.0 = Debug|Any CPU
		{EA62F8DA-1DEA-4757-B954-F3B99C91160B}.Debug|x64.ActiveCfg = Debug|x64
		{EA62F8DA-1DEA-4757-B954-F3B99C91160B}.Debug|x64.Build.0 = Debug|x64
		{EA62F8DA-1DEA-4757-B954-F3B99C91160B}.Release|Any CPU.ActiveCfg = Release|Any CPU
		{EA62F8DA-1DEA-4757-B954-F3B99C91160B}.Release|Any CPU.Build.0 = Release|Any CPU
		{EA62F8DA-1DEA-4757-B954-F3B99C91160B}.Release|x64.ActiveCfg = Release|x64
		{EA62F8DA-1DEA-4757-B954-F3B99C91160B}.Release|x64.Build.0 = Release|x64
		{5E7869ED-88F6-4BBA-91F8-EF64850ECAE1}.Debug|Any CPU.ActiveCfg = Debug|Any CPU
		{5E7869ED-88F6-4BBA-91F8-EF64850ECAE1}.Debug|Any CPU.Build.0 = Debug|Any CPU
		{5E7869ED-88F6-4BBA-91F8-EF64850ECAE1}.Debug|x64.ActiveCfg = Debug|x64
		{5E7869ED-88F6-4BBA-91F8-EF64850ECAE1}.Debug|x64.Build.0 = Debug|x64
		{5E7869ED-88F6-4BBA-91F8-EF64850ECAE1}.Release|Any CPU.ActiveCfg = Release|Any CPU
		{5E7869ED-88F6-4BBA-91F8-EF64850ECAE1}.Release|Any CPU.Build.0 = Release|Any CPU
		{5E7869ED-88F6-4BBA-91F8-EF64850ECAE1}.Release|x64.ActiveCfg = Release|x64
		{5E7869ED-88F6-4BBA-91F8-EF64850ECAE1}.Release|x64.Build.0 = Release|x64
		{22A6DB51-17ED-4BF6-84C6-B5BDA3ABCC8A}.Debug|Any CPU.ActiveCfg = Debug|Any CPU
		{22A6DB51-17ED-4BF6-84C6-B5BDA3ABCC8A}.Debug|Any CPU.Build.0 = Debug|Any CPU
		{22A6DB51-17ED-4BF6-84C6-B5BDA3ABCC8A}.Debug|x64.ActiveCfg = Debug|Any CPU
		{22A6DB51-17ED-4BF6-84C6-B5BDA3ABCC8A}.Debug|x64.Build.0 = Debug|Any CPU
		{22A6DB51-17ED-4BF6-84C6-B5BDA3ABCC8A}.Release|Any CPU.ActiveCfg = Release|Any CPU
		{22A6DB51-17ED-4BF6-84C6-B5BDA3ABCC8A}.Release|Any CPU.Build.0 = Release|Any CPU
		{22A6DB51-17ED-4BF6-84C6-B5BDA3ABCC8A}.Release|x64.ActiveCfg = Release|Any CPU
		{22A6DB51-17ED-4BF6-84C6-B5BDA3ABCC8A}.Release|x64.Build.0 = Release|Any CPU
		{AB8EC9A7-4FB6-40A9-83D8-537BCDE3BEF7}.Debug|Any CPU.ActiveCfg = Debug|Any CPU
		{AB8EC9A7-4FB6-40A9-83D8-537BCDE3BEF7}.Debug|Any CPU.Build.0 = Debug|Any CPU
		{AB8EC9A7-4FB6-40A9-83D8-537BCDE3BEF7}.Debug|x64.ActiveCfg = Debug|x64
		{AB8EC9A7-4FB6-40A9-83D8-537BCDE3BEF7}.Debug|x64.Build.0 = Debug|x64
		{AB8EC9A7-4FB6-40A9-83D8-537BCDE3BEF7}.Release|Any CPU.ActiveCfg = Release|Any CPU
		{AB8EC9A7-4FB6-40A9-83D8-537BCDE3BEF7}.Release|Any CPU.Build.0 = Release|Any CPU
		{AB8EC9A7-4FB6-40A9-83D8-537BCDE3BEF7}.Release|x64.ActiveCfg = Release|x64
		{AB8EC9A7-4FB6-40A9-83D8-537BCDE3BEF7}.Release|x64.Build.0 = Release|x64
		{1954F4DA-1443-45E9-841D-1D8C399F2D9D}.Debug|Any CPU.ActiveCfg = Debug|Any CPU
		{1954F4DA-1443-45E9-841D-1D8C399F2D9D}.Debug|Any CPU.Build.0 = Debug|Any CPU
		{1954F4DA-1443-45E9-841D-1D8C399F2D9D}.Debug|x64.ActiveCfg = Debug|x64
		{1954F4DA-1443-45E9-841D-1D8C399F2D9D}.Debug|x64.Build.0 = Debug|x64
		{1954F4DA-1443-45E9-841D-1D8C399F2D9D}.Release|Any CPU.ActiveCfg = Release|Any CPU
		{1954F4DA-1443-45E9-841D-1D8C399F2D9D}.Release|Any CPU.Build.0 = Release|Any CPU
		{1954F4DA-1443-45E9-841D-1D8C399F2D9D}.Release|x64.ActiveCfg = Release|x64
		{1954F4DA-1443-45E9-841D-1D8C399F2D9D}.Release|x64.Build.0 = Release|x64
		{16256D46-2650-4A6F-83BA-076B336F5D76}.Debug|Any CPU.ActiveCfg = Debug|Any CPU
		{16256D46-2650-4A6F-83BA-076B336F5D76}.Debug|Any CPU.Build.0 = Debug|Any CPU
		{16256D46-2650-4A6F-83BA-076B336F5D76}.Debug|x64.ActiveCfg = Debug|x64
		{16256D46-2650-4A6F-83BA-076B336F5D76}.Debug|x64.Build.0 = Debug|x64
		{16256D46-2650-4A6F-83BA-076B336F5D76}.Release|Any CPU.ActiveCfg = Release|Any CPU
		{16256D46-2650-4A6F-83BA-076B336F5D76}.Release|Any CPU.Build.0 = Release|Any CPU
		{16256D46-2650-4A6F-83BA-076B336F5D76}.Release|x64.ActiveCfg = Release|x64
		{16256D46-2650-4A6F-83BA-076B336F5D76}.Release|x64.Build.0 = Release|x64
	EndGlobalSection
	GlobalSection(SolutionProperties) = preSolution
		HideSolutionNode = FALSE
	EndGlobalSection
	GlobalSection(NestedProjects) = preSolution
		{399C9914-EB66-42DB-9B4B-238D19E1D4AD} = {6D15BBD2-3956-4BEE-A457-E0E6E663853C}
		{EA62F8DA-1DEA-4757-B954-F3B99C91160B} = {6D15BBD2-3956-4BEE-A457-E0E6E663853C}
		{5E7869ED-88F6-4BBA-91F8-EF64850ECAE1} = {7B140308-0A8A-4FD4-8AAC-AB1467B933B6}
		{22A6DB51-17ED-4BF6-84C6-B5BDA3ABCC8A} = {7B140308-0A8A-4FD4-8AAC-AB1467B933B6}
		{AB8EC9A7-4FB6-40A9-83D8-537BCDE3BEF7} = {B0E250E1-7FCB-49D9-B5A6-C00DDE4D23C6}
		{1954F4DA-1443-45E9-841D-1D8C399F2D9D} = {B0E250E1-7FCB-49D9-B5A6-C00DDE4D23C6}
		{16256D46-2650-4A6F-83BA-076B336F5D76} = {B0E250E1-7FCB-49D9-B5A6-C00DDE4D23C6}
	EndGlobalSection
EndGlobal
